
Microsoft Visual Studio Solution File, Format Version 12.00
# Visual Studio Version 17
VisualStudioVersion = 17.7.34031.279
MinimumVisualStudioVersion = 10.0.40219.1
Project("{FAE04EC0-301F-11D3-BF4B-00C04F79EFBC}") = "Home Sales Pt2", "Home Sales Pt2\Home Sales Pt2.csproj", "{EBD746AC-1B9B-40C8-A3A3-98A50FF1D84B}"
EndProject
Global
	GlobalSection(SolutionConfigurationPlatforms) = preSolution
		Debug|Any CPU = Debug|Any CPU
		Release|Any CPU = Release|Any CPU
	EndGlobalSection
	GlobalSection(ProjectConfigurationPlatforms) = postSolution
		{EBD746AC-1B9B-40C8-A3A3-98A50FF1D84B}.Debug|Any CPU.ActiveCfg = Debug|Any CPU
		{EBD746AC-1B9B-40C8-A3A3-98A50FF1D84B}.Debug|Any CPU.Build.0 = Debug|Any CPU
		{EBD746AC-1B9B-40C8-A3A3-98A50FF1D84B}.Release|Any CPU.ActiveCfg = Release|Any CPU
		{EBD746AC-1B9B-40C8-A3A3-98A50FF1D84B}.Release|Any CPU.Build.0 = Release|Any CPU
	EndGlobalSection
	GlobalSection(SolutionProperties) = preSolution
		HideSolutionNode = FALSE
	EndGlobalSection
	GlobalSection(ExtensibilityGlobals) = postSolution
		SolutionGuid = {1848DA56-A9B5-4120-8756-9E189A3381C2}
	EndGlobalSection
EndGlobal
